
Microsoft Visual Studio Solution File, Format Version 12.00
# Visual Studio Version 17
VisualStudioVersion = 17.0.31903.59
MinimumVisualStudioVersion = 10.0.40219.1
Project("{FAE04EC0-301F-11D3-BF4B-00C04F79EFBC}") = "UrlShortener.Domain", "UrlShortener.Domain\UrlShortener.Domain.csproj", "{0E156664-C93B-4F46-967F-739309277C29}"
EndProject
Project("{FAE04EC0-301F-11D3-BF4B-00C04F79EFBC}") = "UrlShortener.Infrastructure", "UrlShortener.Infrastructure\UrlShortener.Infrastructure.csproj", "{DFB0A26D-2032-4985-A288-68BB62683D21}"
EndProject
Project("{FAE04EC0-301F-11D3-BF4B-00C04F79EFBC}") = "UrlShortener.Service", "UrlShortener.Service\UrlShortener.Service.csproj", "{BA6F8F64-2225-458F-A697-985C493688B6}"
EndProject
Project("{FAE04EC0-301F-11D3-BF4B-00C04F79EFBC}") = "UrlShortener.App", "UrlShortener.Web\UrlShortener.App.csproj", "{31F44EBF-A68F-4383-AC33-8B84827A44B8}"
EndProject
Global
	GlobalSection(SolutionConfigurationPlatforms) = preSolution
		Debug|Any CPU = Debug|Any CPU
		Release|Any CPU = Release|Any CPU
	EndGlobalSection
	GlobalSection(SolutionProperties) = preSolution
		HideSolutionNode = FALSE
	EndGlobalSection
	GlobalSection(ProjectConfigurationPlatforms) = postSolution
		{0E156664-C93B-4F46-967F-739309277C29}.Debug|Any CPU.ActiveCfg = Debug|Any CPU
		{0E156664-C93B-4F46-967F-739309277C29}.Debug|Any CPU.Build.0 = Debug|Any CPU
		{0E156664-C93B-4F46-967F-739309277C29}.Release|Any CPU.ActiveCfg = Release|Any CPU
		{0E156664-C93B-4F46-967F-739309277C29}.Release|Any CPU.Build.0 = Release|Any CPU
		{DFB0A26D-2032-4985-A288-68BB62683D21}.Debug|Any CPU.ActiveCfg = Debug|Any CPU
		{DFB0A26D-2032-4985-A288-68BB62683D21}.Debug|Any CPU.Build.0 = Debug|Any CPU
		{DFB0A26D-2032-4985-A288-68BB62683D21}.Release|Any CPU.ActiveCfg = Release|Any CPU
		{DFB0A26D-2032-4985-A288-68BB62683D21}.Release|Any CPU.Build.0 = Release|Any CPU
		{BA6F8F64-2225-458F-A697-985C493688B6}.Debug|Any CPU.ActiveCfg = Debug|Any CPU
		{BA6F8F64-2225-458F-A697-985C493688B6}.Debug|Any CPU.Build.0 = Debug|Any CPU
		{BA6F8F64-2225-458F-A697-985C493688B6}.Release|Any CPU.ActiveCfg = Release|Any CPU
		{BA6F8F64-2225-458F-A697-985C493688B6}.Release|Any CPU.Build.0 = Release|Any CPU
		{31F44EBF-A68F-4383-AC33-8B84827A44B8}.Debug|Any CPU.ActiveCfg = Debug|Any CPU
		{31F44EBF-A68F-4383-AC33-8B84827A44B8}.Debug|Any CPU.Build.0 = Debug|Any CPU
		{31F44EBF-A68F-4383-AC33-8B84827A44B8}.Release|Any CPU.ActiveCfg = Release|Any CPU
		{31F44EBF-A68F-4383-AC33-8B84827A44B8}.Release|Any CPU.Build.0 = Release|Any CPU
	EndGlobalSection
EndGlobal
