
Microsoft Visual Studio Solution File, Format Version 12.00
# Visual Studio Version 17
VisualStudioVersion = 17.0.31903.59
MinimumVisualStudioVersion = 10.0.40219.1
Project("{FAE04EC0-301F-11D3-BF4B-00C04F79EFBC}") = "UrlShortener.App", "UrlShortener.App\UrlShortener.App.csproj", "{4FC52244-BB88-48BC-B1FF-B18EA7ADBBD2}"
EndProject
Project("{FAE04EC0-301F-11D3-BF4B-00C04F79EFBC}") = "UrlShortener.Domain", "UrlShortener.Domain\UrlShortener.Domain.csproj", "{DEF3E080-67AD-4BEA-9037-901B56AA2B44}"
EndProject
Project("{FAE04EC0-301F-11D3-BF4B-00C04F79EFBC}") = "UrlShortener.Infrastructure", "UrlShortener.Infrastructure\UrlShortener.Infrastructure.csproj", "{1BFE0616-61D1-4269-8E89-1F06BCE74ABF}"
EndProject
Project("{FAE04EC0-301F-11D3-BF4B-00C04F79EFBC}") = "UrlShortener.Service", "UrlShortener.Service\UrlShortener.Service.csproj", "{D82E97EF-3C8E-4410-ACC2-673F6CABE11C}"
EndProject
Global
	GlobalSection(SolutionConfigurationPlatforms) = preSolution
		Debug|Any CPU = Debug|Any CPU
		Release|Any CPU = Release|Any CPU
	EndGlobalSection
	GlobalSection(SolutionProperties) = preSolution
		HideSolutionNode = FALSE
	EndGlobalSection
	GlobalSection(ProjectConfigurationPlatforms) = postSolution
		{4FC52244-BB88-48BC-B1FF-B18EA7ADBBD2}.Debug|Any CPU.ActiveCfg = Debug|Any CPU
		{4FC52244-BB88-48BC-B1FF-B18EA7ADBBD2}.Debug|Any CPU.Build.0 = Debug|Any CPU
		{4FC52244-BB88-48BC-B1FF-B18EA7ADBBD2}.Release|Any CPU.ActiveCfg = Release|Any CPU
		{4FC52244-BB88-48BC-B1FF-B18EA7ADBBD2}.Release|Any CPU.Build.0 = Release|Any CPU
		{DEF3E080-67AD-4BEA-9037-901B56AA2B44}.Debug|Any CPU.ActiveCfg = Debug|Any CPU
		{DEF3E080-67AD-4BEA-9037-901B56AA2B44}.Debug|Any CPU.Build.0 = Debug|Any CPU
		{DEF3E080-67AD-4BEA-9037-901B56AA2B44}.Release|Any CPU.ActiveCfg = Release|Any CPU
		{DEF3E080-67AD-4BEA-9037-901B56AA2B44}.Release|Any CPU.Build.0 = Release|Any CPU
		{1BFE0616-61D1-4269-8E89-1F06BCE74ABF}.Debug|Any CPU.ActiveCfg = Debug|Any CPU
		{1BFE0616-61D1-4269-8E89-1F06BCE74ABF}.Debug|Any CPU.Build.0 = Debug|Any CPU
		{1BFE0616-61D1-4269-8E89-1F06BCE74ABF}.Release|Any CPU.ActiveCfg = Release|Any CPU
		{1BFE0616-61D1-4269-8E89-1F06BCE74ABF}.Release|Any CPU.Build.0 = Release|Any CPU
		{D82E97EF-3C8E-4410-ACC2-673F6CABE11C}.Debug|Any CPU.ActiveCfg = Debug|Any CPU
		{D82E97EF-3C8E-4410-ACC2-673F6CABE11C}.Debug|Any CPU.Build.0 = Debug|Any CPU
		{D82E97EF-3C8E-4410-ACC2-673F6CABE11C}.Release|Any CPU.ActiveCfg = Release|Any CPU
		{D82E97EF-3C8E-4410-ACC2-673F6CABE11C}.Release|Any CPU.Build.0 = Release|Any CPU
	EndGlobalSection
EndGlobal
